
Microsoft Visual Studio Solution File, Format Version 12.00
# Visual Studio 15
VisualStudioVersion = 15.0.26124.0
MinimumVisualStudioVersion = 15.0.26124.0
Project("{FAE04EC0-301F-11D3-BF4B-00C04F79EFBC}") = "Sample.Mef.Web", "Sample.Mef.Web\Sample.Mef.Web.csproj", "{0FFC816E-7C31-4B89-B122-A838F9B34B21}"
EndProject
Project("{FAE04EC0-301F-11D3-BF4B-00C04F79EFBC}") = "Sample.Mef.Api", "Sample.Mef.Api\Sample.Mef.Api.csproj", "{5044FCCD-E486-4AF7-BD85-419D1D7C02D2}"
EndProject
Project("{FAE04EC0-301F-11D3-BF4B-00C04F79EFBC}") = "Sample.Mef.GiveMeOne", "Sample.Mef.GiveMeOne\Sample.Mef.GiveMeOne.csproj", "{3FF8CD32-DFA9-46B2-BE43-F01574BB1676}"
EndProject
Project("{FAE04EC0-301F-11D3-BF4B-00C04F79EFBC}") = "Sample.Mef.GiveMeFive", "Sample.Mef.GiveMeFive\Sample.Mef.GiveMeFive.csproj", "{2190C180-F565-48E6-8773-F6652D75EC3C}"
EndProject
Global
	GlobalSection(SolutionConfigurationPlatforms) = preSolution
		Debug|Any CPU = Debug|Any CPU
		Debug|x64 = Debug|x64
		Debug|x86 = Debug|x86
		Release|Any CPU = Release|Any CPU
		Release|x64 = Release|x64
		Release|x86 = Release|x86
	EndGlobalSection
	GlobalSection(SolutionProperties) = preSolution
		HideSolutionNode = FALSE
	EndGlobalSection
	GlobalSection(ProjectConfigurationPlatforms) = postSolution
		{0FFC816E-7C31-4B89-B122-A838F9B34B21}.Debug|Any CPU.ActiveCfg = Debug|Any CPU
		{0FFC816E-7C31-4B89-B122-A838F9B34B21}.Debug|Any CPU.Build.0 = Debug|Any CPU
		{0FFC816E-7C31-4B89-B122-A838F9B34B21}.Debug|x64.ActiveCfg = Debug|Any CPU
		{0FFC816E-7C31-4B89-B122-A838F9B34B21}.Debug|x64.Build.0 = Debug|Any CPU
		{0FFC816E-7C31-4B89-B122-A838F9B34B21}.Debug|x86.ActiveCfg = Debug|Any CPU
		{0FFC816E-7C31-4B89-B122-A838F9B34B21}.Debug|x86.Build.0 = Debug|Any CPU
		{0FFC816E-7C31-4B89-B122-A838F9B34B21}.Release|Any CPU.ActiveCfg = Release|Any CPU
		{0FFC816E-7C31-4B89-B122-A838F9B34B21}.Release|Any CPU.Build.0 = Release|Any CPU
		{0FFC816E-7C31-4B89-B122-A838F9B34B21}.Release|x64.ActiveCfg = Release|Any CPU
		{0FFC816E-7C31-4B89-B122-A838F9B34B21}.Release|x64.Build.0 = Release|Any CPU
		{0FFC816E-7C31-4B89-B122-A838F9B34B21}.Release|x86.ActiveCfg = Release|Any CPU
		{0FFC816E-7C31-4B89-B122-A838F9B34B21}.Release|x86.Build.0 = Release|Any CPU
		{5044FCCD-E486-4AF7-BD85-419D1D7C02D2}.Debug|Any CPU.ActiveCfg = Debug|Any CPU
		{5044FCCD-E486-4AF7-BD85-419D1D7C02D2}.Debug|Any CPU.Build.0 = Debug|Any CPU
		{5044FCCD-E486-4AF7-BD85-419D1D7C02D2}.Debug|x64.ActiveCfg = Debug|Any CPU
		{5044FCCD-E486-4AF7-BD85-419D1D7C02D2}.Debug|x64.Build.0 = Debug|Any CPU
		{5044FCCD-E486-4AF7-BD85-419D1D7C02D2}.Debug|x86.ActiveCfg = Debug|Any CPU
		{5044FCCD-E486-4AF7-BD85-419D1D7C02D2}.Debug|x86.Build.0 = Debug|Any CPU
		{5044FCCD-E486-4AF7-BD85-419D1D7C02D2}.Release|Any CPU.ActiveCfg = Release|Any CPU
		{5044FCCD-E486-4AF7-BD85-419D1D7C02D2}.Release|Any CPU.Build.0 = Release|Any CPU
		{5044FCCD-E486-4AF7-BD85-419D1D7C02D2}.Release|x64.ActiveCfg = Release|Any CPU
		{5044FCCD-E486-4AF7-BD85-419D1D7C02D2}.Release|x64.Build.0 = Release|Any CPU
		{5044FCCD-E486-4AF7-BD85-419D1D7C02D2}.Release|x86.ActiveCfg = Release|Any CPU
		{5044FCCD-E486-4AF7-BD85-419D1D7C02D2}.Release|x86.Build.0 = Release|Any CPU
		{3FF8CD32-DFA9-46B2-BE43-F01574BB1676}.Debug|Any CPU.ActiveCfg = Debug|Any CPU
		{3FF8CD32-DFA9-46B2-BE43-F01574BB1676}.Debug|Any CPU.Build.0 = Debug|Any CPU
		{3FF8CD32-DFA9-46B2-BE43-F01574BB1676}.Debug|x64.ActiveCfg = Debug|Any CPU
		{3FF8CD32-DFA9-46B2-BE43-F01574BB1676}.Debug|x64.Build.0 = Debug|Any CPU
		{3FF8CD32-DFA9-46B2-BE43-F01574BB1676}.Debug|x86.ActiveCfg = Debug|Any CPU
		{3FF8CD32-DFA9-46B2-BE43-F01574BB1676}.Debug|x86.Build.0 = Debug|Any CPU
		{3FF8CD32-DFA9-46B2-BE43-F01574BB1676}.Release|Any CPU.ActiveCfg = Release|Any CPU
		{3FF8CD32-DFA9-46B2-BE43-F01574BB1676}.Release|Any CPU.Build.0 = Release|Any CPU
		{3FF8CD32-DFA9-46B2-BE43-F01574BB1676}.Release|x64.ActiveCfg = Release|Any CPU
		{3FF8CD32-DFA9-46B2-BE43-F01574BB1676}.Release|x64.Build.0 = Release|Any CPU
		{3FF8CD32-DFA9-46B2-BE43-F01574BB1676}.Release|x86.ActiveCfg = Release|Any CPU
		{3FF8CD32-DFA9-46B2-BE43-F01574BB1676}.Release|x86.Build.0 = Release|Any CPU
		{2190C180-F565-48E6-8773-F6652D75EC3C}.Debug|Any CPU.ActiveCfg = Debug|Any CPU
		{2190C180-F565-48E6-8773-F6652D75EC3C}.Debug|Any CPU.Build.0 = Debug|Any CPU
		{2190C180-F565-48E6-8773-F6652D75EC3C}.Debug|x64.ActiveCfg = Debug|Any CPU
		{2190C180-F565-48E6-8773-F6652D75EC3C}.Debug|x64.Build.0 = Debug|Any CPU
		{2190C180-F565-48E6-8773-F6652D75EC3C}.Debug|x86.ActiveCfg = Debug|Any CPU
		{2190C180-F565-48E6-8773-F6652D75EC3C}.Debug|x86.Build.0 = Debug|Any CPU
		{2190C180-F565-48E6-8773-F6652D75EC3C}.Release|Any CPU.ActiveCfg = Release|Any CPU
		{2190C180-F565-48E6-8773-F6652D75EC3C}.Release|Any CPU.Build.0 = Release|Any CPU
		{2190C180-F565-48E6-8773-F6652D75EC3C}.Release|x64.ActiveCfg = Release|Any CPU
		{2190C180-F565-48E6-8773-F6652D75EC3C}.Release|x64.Build.0 = Release|Any CPU
		{2190C180-F565-48E6-8773-F6652D75EC3C}.Release|x86.ActiveCfg = Release|Any CPU
		{2190C180-F565-48E6-8773-F6652D75EC3C}.Release|x86.Build.0 = Release|Any CPU
	EndGlobalSection
EndGlobal
